
Microsoft Visual Studio Solution File, Format Version 11.00
# Visual Studio 2010
Project("{FAE04EC0-301F-11D3-BF4B-00C04F79EFBC}") = "WebApp", "WebApp\WebApp.csproj", "{325BFE6E-93EB-47F5-B19F-C7F1E6F05F3E}"
EndProject
Project("{FAE04EC0-301F-11D3-BF4B-00C04F79EFBC}") = "GLibs", "GLibs\GLibs.csproj", "{44AE183D-516D-4F05-93F0-F8870B4A0AC2}"
EndProject
Project("{FAE04EC0-301F-11D3-BF4B-00C04F79EFBC}") = "WedDao", "WedDao\WedDao.csproj", "{958BBDE4-524B-4A88-9C09-5D6C8E752D71}"
EndProject
Project("{FAE04EC0-301F-11D3-BF4B-00C04F79EFBC}") = "WebLogic", "WebLogic\WebLogic.csproj", "{D9EF6C81-E8DB-4A97-9F90-035BD9E1FBE1}"
EndProject
Global
	GlobalSection(SolutionConfigurationPlatforms) = preSolution
		Debug|Any CPU = Debug|Any CPU
		Release|Any CPU = Release|Any CPU
	EndGlobalSection
	GlobalSection(ProjectConfigurationPlatforms) = postSolution
		{325BFE6E-93EB-47F5-B19F-C7F1E6F05F3E}.Debug|Any CPU.ActiveCfg = Debug|Any CPU
		{325BFE6E-93EB-47F5-B19F-C7F1E6F05F3E}.Debug|Any CPU.Build.0 = Debug|Any CPU
		{325BFE6E-93EB-47F5-B19F-C7F1E6F05F3E}.Release|Any CPU.ActiveCfg = Release|Any CPU
		{325BFE6E-93EB-47F5-B19F-C7F1E6F05F3E}.Release|Any CPU.Build.0 = Release|Any CPU
		{44AE183D-516D-4F05-93F0-F8870B4A0AC2}.Debug|Any CPU.ActiveCfg = Debug|Any CPU
		{44AE183D-516D-4F05-93F0-F8870B4A0AC2}.Debug|Any CPU.Build.0 = Debug|Any CPU
		{44AE183D-516D-4F05-93F0-F8870B4A0AC2}.Release|Any CPU.ActiveCfg = Release|Any CPU
		{44AE183D-516D-4F05-93F0-F8870B4A0AC2}.Release|Any CPU.Build.0 = Release|Any CPU
		{958BBDE4-524B-4A88-9C09-5D6C8E752D71}.Debug|Any CPU.ActiveCfg = Debug|Any CPU
		{958BBDE4-524B-4A88-9C09-5D6C8E752D71}.Debug|Any CPU.Build.0 = Debug|Any CPU
		{958BBDE4-524B-4A88-9C09-5D6C8E752D71}.Release|Any CPU.ActiveCfg = Release|Any CPU
		{958BBDE4-524B-4A88-9C09-5D6C8E752D71}.Release|Any CPU.Build.0 = Release|Any CPU
		{D9EF6C81-E8DB-4A97-9F90-035BD9E1FBE1}.Debug|Any CPU.ActiveCfg = Debug|Any CPU
		{D9EF6C81-E8DB-4A97-9F90-035BD9E1FBE1}.Debug|Any CPU.Build.0 = Debug|Any CPU
		{D9EF6C81-E8DB-4A97-9F90-035BD9E1FBE1}.Release|Any CPU.ActiveCfg = Release|Any CPU
		{D9EF6C81-E8DB-4A97-9F90-035BD9E1FBE1}.Release|Any CPU.Build.0 = Release|Any CPU
	EndGlobalSection
	GlobalSection(SolutionProperties) = preSolution
		HideSolutionNode = FALSE
	EndGlobalSection
EndGlobal
